
Microsoft Visual Studio Solution File, Format Version 12.00
# Visual Studio Version 16
VisualStudioVersion = 16.0.29806.167
MinimumVisualStudioVersion = 10.0.40219.1
Project("{FAE04EC0-301F-11D3-BF4B-00C04F79EFBC}") = "FlashCardsApp.Android", "FlashCardsApp\FlashCardsApp.Android\FlashCardsApp.Android.csproj", "{00A72C9D-4149-41D2-B120-2444E9706239}"
EndProject
Project("{FAE04EC0-301F-11D3-BF4B-00C04F79EFBC}") = "FlashCardsApp.iOS", "FlashCardsApp\FlashCardsApp.iOS\FlashCardsApp.iOS.csproj", "{920B2B00-850C-4ADD-821F-80F226D62084}"
EndProject
Project("{FAE04EC0-301F-11D3-BF4B-00C04F79EFBC}") = "FlashCardsApp", "FlashCardsApp\FlashCardsApp\FlashCardsApp.csproj", "{C3B63EAD-1202-47F4-879F-E2076F7B0F37}"
EndProject
Global
	GlobalSection(SolutionConfigurationPlatforms) = preSolution
		Debug|Any CPU = Debug|Any CPU
		Debug|iPhone = Debug|iPhone
		Debug|iPhoneSimulator = Debug|iPhoneSimulator
		Release|Any CPU = Release|Any CPU
		Release|iPhone = Release|iPhone
		Release|iPhoneSimulator = Release|iPhoneSimulator
	EndGlobalSection
	GlobalSection(ProjectConfigurationPlatforms) = postSolution
		{00A72C9D-4149-41D2-B120-2444E9706239}.Debug|Any CPU.ActiveCfg = Debug|Any CPU
		{00A72C9D-4149-41D2-B120-2444E9706239}.Debug|Any CPU.Build.0 = Debug|Any CPU
		{00A72C9D-4149-41D2-B120-2444E9706239}.Debug|Any CPU.Deploy.0 = Debug|Any CPU
		{00A72C9D-4149-41D2-B120-2444E9706239}.Debug|iPhone.ActiveCfg = Debug|Any CPU
		{00A72C9D-4149-41D2-B120-2444E9706239}.Debug|iPhone.Build.0 = Debug|Any CPU
		{00A72C9D-4149-41D2-B120-2444E9706239}.Debug|iPhone.Deploy.0 = Debug|Any CPU
		{00A72C9D-4149-41D2-B120-2444E9706239}.Debug|iPhoneSimulator.ActiveCfg = Debug|Any CPU
		{00A72C9D-4149-41D2-B120-2444E9706239}.Debug|iPhoneSimulator.Build.0 = Debug|Any CPU
		{00A72C9D-4149-41D2-B120-2444E9706239}.Debug|iPhoneSimulator.Deploy.0 = Debug|Any CPU
		{00A72C9D-4149-41D2-B120-2444E9706239}.Release|Any CPU.ActiveCfg = Release|Any CPU
		{00A72C9D-4149-41D2-B120-2444E9706239}.Release|Any CPU.Build.0 = Release|Any CPU
		{00A72C9D-4149-41D2-B120-2444E9706239}.Release|Any CPU.Deploy.0 = Release|Any CPU
		{00A72C9D-4149-41D2-B120-2444E9706239}.Release|iPhone.ActiveCfg = Release|Any CPU
		{00A72C9D-4149-41D2-B120-2444E9706239}.Release|iPhone.Build.0 = Release|Any CPU
		{00A72C9D-4149-41D2-B120-2444E9706239}.Release|iPhone.Deploy.0 = Release|Any CPU
		{00A72C9D-4149-41D2-B120-2444E9706239}.Release|iPhoneSimulator.ActiveCfg = Release|Any CPU
		{00A72C9D-4149-41D2-B120-2444E9706239}.Release|iPhoneSimulator.Build.0 = Release|Any CPU
		{00A72C9D-4149-41D2-B120-2444E9706239}.Release|iPhoneSimulator.Deploy.0 = Release|Any CPU
		{920B2B00-850C-4ADD-821F-80F226D62084}.Debug|Any CPU.ActiveCfg = Debug|iPhoneSimulator
		{920B2B00-850C-4ADD-821F-80F226D62084}.Debug|Any CPU.Build.0 = Debug|iPhoneSimulator
		{920B2B00-850C-4ADD-821F-80F226D62084}.Debug|Any CPU.Deploy.0 = Debug|iPhoneSimulator
		{920B2B00-850C-4ADD-821F-80F226D62084}.Debug|iPhone.ActiveCfg = Debug|iPhone
		{920B2B00-850C-4ADD-821F-80F226D62084}.Debug|iPhone.Build.0 = Debug|iPhone
		{920B2B00-850C-4ADD-821F-80F226D62084}.Debug|iPhone.Deploy.0 = Debug|iPhone
		{920B2B00-850C-4ADD-821F-80F226D62084}.Debug|iPhoneSimulator.ActiveCfg = Debug|iPhoneSimulator
		{920B2B00-850C-4ADD-821F-80F226D62084}.Debug|iPhoneSimulator.Build.0 = Debug|iPhoneSimulator
		{920B2B00-850C-4ADD-821F-80F226D62084}.Debug|iPhoneSimulator.Deploy.0 = Debug|iPhoneSimulator
		{920B2B00-850C-4ADD-821F-80F226D62084}.Release|Any CPU.ActiveCfg = Release|iPhone
		{920B2B00-850C-4ADD-821F-80F226D62084}.Release|Any CPU.Build.0 = Release|iPhone
		{920B2B00-850C-4ADD-821F-80F226D62084}.Release|Any CPU.Deploy.0 = Release|iPhone
		{920B2B00-850C-4ADD-821F-80F226D62084}.Release|iPhone.ActiveCfg = Release|iPhone
		{920B2B00-850C-4ADD-821F-80F226D62084}.Release|iPhone.Build.0 = Release|iPhone
		{920B2B00-850C-4ADD-821F-80F226D62084}.Release|iPhone.Deploy.0 = Release|iPhone
		{920B2B00-850C-4ADD-821F-80F226D62084}.Release|iPhoneSimulator.ActiveCfg = Release|iPhoneSimulator
		{920B2B00-850C-4ADD-821F-80F226D62084}.Release|iPhoneSimulator.Build.0 = Release|iPhoneSimulator
		{920B2B00-850C-4ADD-821F-80F226D62084}.Release|iPhoneSimulator.Deploy.0 = Release|iPhoneSimulator
		{C3B63EAD-1202-47F4-879F-E2076F7B0F37}.Debug|Any CPU.ActiveCfg = Debug|Any CPU
		{C3B63EAD-1202-47F4-879F-E2076F7B0F37}.Debug|Any CPU.Build.0 = Debug|Any CPU
		{C3B63EAD-1202-47F4-879F-E2076F7B0F37}.Debug|Any CPU.Deploy.0 = Debug|Any CPU
		{C3B63EAD-1202-47F4-879F-E2076F7B0F37}.Debug|iPhone.ActiveCfg = Debug|Any CPU
		{C3B63EAD-1202-47F4-879F-E2076F7B0F37}.Debug|iPhone.Build.0 = Debug|Any CPU
		{C3B63EAD-1202-47F4-879F-E2076F7B0F37}.Debug|iPhone.Deploy.0 = Debug|Any CPU
		{C3B63EAD-1202-47F4-879F-E2076F7B0F37}.Debug|iPhoneSimulator.ActiveCfg = Debug|Any CPU
		{C3B63EAD-1202-47F4-879F-E2076F7B0F37}.Debug|iPhoneSimulator.Build.0 = Debug|Any CPU
		{C3B63EAD-1202-47F4-879F-E2076F7B0F37}.Debug|iPhoneSimulator.Deploy.0 = Debug|Any CPU
		{C3B63EAD-1202-47F4-879F-E2076F7B0F37}.Release|Any CPU.ActiveCfg = Release|Any CPU
		{C3B63EAD-1202-47F4-879F-E2076F7B0F37}.Release|Any CPU.Build.0 = Release|Any CPU
		{C3B63EAD-1202-47F4-879F-E2076F7B0F37}.Release|Any CPU.Deploy.0 = Release|Any CPU
		{C3B63EAD-1202-47F4-879F-E2076F7B0F37}.Release|iPhone.ActiveCfg = Release|Any CPU
		{C3B63EAD-1202-47F4-879F-E2076F7B0F37}.Release|iPhone.Build.0 = Release|Any CPU
		{C3B63EAD-1202-47F4-879F-E2076F7B0F37}.Release|iPhone.Deploy.0 = Release|Any CPU
		{C3B63EAD-1202-47F4-879F-E2076F7B0F37}.Release|iPhoneSimulator.ActiveCfg = Release|Any CPU
		{C3B63EAD-1202-47F4-879F-E2076F7B0F37}.Release|iPhoneSimulator.Build.0 = Release|Any CPU
		{C3B63EAD-1202-47F4-879F-E2076F7B0F37}.Release|iPhoneSimulator.Deploy.0 = Release|Any CPU
	EndGlobalSection
	GlobalSection(SolutionProperties) = preSolution
		HideSolutionNode = FALSE
	EndGlobalSection
	GlobalSection(ExtensibilityGlobals) = postSolution
		SolutionGuid = {547387C1-6714-45E2-921F-52379EBC763B}
	EndGlobalSection
EndGlobal
